
Microsoft Visual Studio Solution File, Format Version 12.00
# Visual Studio 15
VisualStudioVersion = 15.0.27703.2042
MinimumVisualStudioVersion = 10.0.40219.1
Project("{8BC9CEB8-8B4A-11D0-8D11-00A0C91BC942}") = "RLD", "RLD\RLD.vcxproj", "{7189F2A1-F8EF-4599-BE9F-73D44E329E09}"
EndProject
Project("{8BC9CEB8-8B4A-11D0-8D11-00A0C91BC942}") = "Common", "Common\Common.vcxproj", "{6885343A-9037-492E-B9BC-C7D8BF9542A9}"
EndProject
Project("{8BC9CEB8-8B4A-11D0-8D11-00A0C91BC942}") = "Visualizer", "Visualizer\Visualizer.vcxproj", "{D954425B-411D-41D6-8385-641A6BA04351}"
EndProject
Project("{8BC9CEB8-8B4A-11D0-8D11-00A0C91BC942}") = "FlightSim", "FlightSim\FlightSim.vcxproj", "{C13847B9-6472-44EA-AC37-B73383C6D017}"
EndProject
Project("{8BC9CEB8-8B4A-11D0-8D11-00A0C91BC942}") = "UI", "UI\UI.vcxproj", "{BC6A22DD-24EE-445E-A909-5B138D29A2B8}"
EndProject
Global
	GlobalSection(SolutionConfigurationPlatforms) = preSolution
		Debug|x64 = Debug|x64
		Debug|x86 = Debug|x86
		Release|x64 = Release|x64
		Release|x86 = Release|x86
	EndGlobalSection
	GlobalSection(ProjectConfigurationPlatforms) = postSolution
		{7189F2A1-F8EF-4599-BE9F-73D44E329E09}.Debug|x64.ActiveCfg = Debug|x64
		{7189F2A1-F8EF-4599-BE9F-73D44E329E09}.Debug|x64.Build.0 = Debug|x64
		{7189F2A1-F8EF-4599-BE9F-73D44E329E09}.Debug|x86.ActiveCfg = Debug|Win32
		{7189F2A1-F8EF-4599-BE9F-73D44E329E09}.Debug|x86.Build.0 = Debug|Win32
		{7189F2A1-F8EF-4599-BE9F-73D44E329E09}.Release|x64.ActiveCfg = Release|x64
		{7189F2A1-F8EF-4599-BE9F-73D44E329E09}.Release|x64.Build.0 = Release|x64
		{7189F2A1-F8EF-4599-BE9F-73D44E329E09}.Release|x86.ActiveCfg = Release|Win32
		{7189F2A1-F8EF-4599-BE9F-73D44E329E09}.Release|x86.Build.0 = Release|Win32
		{6885343A-9037-492E-B9BC-C7D8BF9542A9}.Debug|x64.ActiveCfg = Debug|x64
		{6885343A-9037-492E-B9BC-C7D8BF9542A9}.Debug|x64.Build.0 = Debug|x64
		{6885343A-9037-492E-B9BC-C7D8BF9542A9}.Debug|x86.ActiveCfg = Debug|Win32
		{6885343A-9037-492E-B9BC-C7D8BF9542A9}.Debug|x86.Build.0 = Debug|Win32
		{6885343A-9037-492E-B9BC-C7D8BF9542A9}.Release|x64.ActiveCfg = Release|x64
		{6885343A-9037-492E-B9BC-C7D8BF9542A9}.Release|x64.Build.0 = Release|x64
		{6885343A-9037-492E-B9BC-C7D8BF9542A9}.Release|x86.ActiveCfg = Release|Win32
		{6885343A-9037-492E-B9BC-C7D8BF9542A9}.Release|x86.Build.0 = Release|Win32
		{D954425B-411D-41D6-8385-641A6BA04351}.Debug|x64.ActiveCfg = Debug|x64
		{D954425B-411D-41D6-8385-641A6BA04351}.Debug|x64.Build.0 = Debug|x64
		{D954425B-411D-41D6-8385-641A6BA04351}.Debug|x86.ActiveCfg = Debug|Win32
		{D954425B-411D-41D6-8385-641A6BA04351}.Debug|x86.Build.0 = Debug|Win32
		{D954425B-411D-41D6-8385-641A6BA04351}.Release|x64.ActiveCfg = Release|x64
		{D954425B-411D-41D6-8385-641A6BA04351}.Release|x64.Build.0 = Release|x64
		{D954425B-411D-41D6-8385-641A6BA04351}.Release|x86.ActiveCfg = Release|Win32
		{D954425B-411D-41D6-8385-641A6BA04351}.Release|x86.Build.0 = Release|Win32
		{C13847B9-6472-44EA-AC37-B73383C6D017}.Debug|x64.ActiveCfg = Debug|x64
		{C13847B9-6472-44EA-AC37-B73383C6D017}.Debug|x64.Build.0 = Debug|x64
		{C13847B9-6472-44EA-AC37-B73383C6D017}.Debug|x86.ActiveCfg = Debug|Win32
		{C13847B9-6472-44EA-AC37-B73383C6D017}.Debug|x86.Build.0 = Debug|Win32
		{C13847B9-6472-44EA-AC37-B73383C6D017}.Release|x64.ActiveCfg = Release|x64
		{C13847B9-6472-44EA-AC37-B73383C6D017}.Release|x64.Build.0 = Release|x64
		{C13847B9-6472-44EA-AC37-B73383C6D017}.Release|x86.ActiveCfg = Release|Win32
		{C13847B9-6472-44EA-AC37-B73383C6D017}.Release|x86.Build.0 = Release|Win32
		{BC6A22DD-24EE-445E-A909-5B138D29A2B8}.Debug|x64.ActiveCfg = Debug|x64
		{BC6A22DD-24EE-445E-A909-5B138D29A2B8}.Debug|x64.Build.0 = Debug|x64
		{BC6A22DD-24EE-445E-A909-5B138D29A2B8}.Debug|x86.ActiveCfg = Debug|Win32
		{BC6A22DD-24EE-445E-A909-5B138D29A2B8}.Debug|x86.Build.0 = Debug|Win32
		{BC6A22DD-24EE-445E-A909-5B138D29A2B8}.Release|x64.ActiveCfg = Release|x64
		{BC6A22DD-24EE-445E-A909-5B138D29A2B8}.Release|x64.Build.0 = Release|x64
		{BC6A22DD-24EE-445E-A909-5B138D29A2B8}.Release|x86.ActiveCfg = Release|Win32
		{BC6A22DD-24EE-445E-A909-5B138D29A2B8}.Release|x86.Build.0 = Release|Win32
	EndGlobalSection
	GlobalSection(SolutionProperties) = preSolution
		HideSolutionNode = FALSE
	EndGlobalSection
	GlobalSection(ExtensibilityGlobals) = postSolution
		SolutionGuid = {905BBD8E-3D79-4E2B-9CD7-3C7C9544B31E}
	EndGlobalSection
EndGlobal
