<?xml version="1.0" encoding="utf-8"?>
<Project ToolsVersion="4.0" xmlns="http://schemas.microsoft.com/developer/msbuild/2003">
  <ItemGroup>
    <Filter Include="src">
      <UniqueIdentifier>{4FC737F1-C7A5-4376-A066-2A32D752A2FF}</UniqueIdentifier>
      <Extensions>cpp;c;cc;cxx;def;odl;idl;hpj;bat;asm;asmx</Extensions>
    </Filter>
    <Filter Include="shaders">
      <UniqueIdentifier>{da59fdeb-3901-4fb3-88a7-d9d67bed0d2a}</UniqueIdentifier>
    </Filter>
  </ItemGroup>
  <ItemGroup>
    <ClCompile Include="src\Main.cpp">
      <Filter>src</Filter>
    </ClCompile>
    <ClCompile Include="src\SimObject.cpp">
      <Filter>src</Filter>
    </ClCompile>
    <ClCompile Include="src\ProgTerrain.cpp">
      <Filter>src</Filter>
    </ClCompile>
  </ItemGroup>
  <ItemGroup>
    <None Include="..\resources\shaders\phong.frag">
      <Filter>shaders</Filter>
    </None>
    <None Include="..\resources\shaders\phong.vert">
      <Filter>shaders</Filter>
    </None>
    <None Include="..\resources\shaders\skyfrag.glsl">
      <Filter>shaders</Filter>
    </None>
    <None Include="..\resources\shaders\skyvertex.glsl">
      <Filter>shaders</Filter>
    </None>
    <None Include="..\resources\shaders\tex.frag">
      <Filter>shaders</Filter>
    </None>
    <None Include="..\resources\shaders\height_frag.glsl">
      <Filter>shaders</Filter>
    </None>
  </ItemGroup>
  <ItemGroup>
    <ClInclude Include="src\SimObject.hpp">
      <Filter>src</Filter>
    </ClInclude>
    <ClInclude Include="src\ProgTerrain.hpp">
      <Filter>src</Filter>
    </ClInclude>
    <ClInclude Include="src\stb_image.h">
      <Filter>src</Filter>
    </ClInclude>
    <ClInclude Include="src\xboxcontroller.h">
      <Filter>src</Filter>
    </ClInclude>
  </ItemGroup>
</Project>