<?xml version="1.0" encoding="utf-8"?>
<Project ToolsVersion="4.0" xmlns="http://schemas.microsoft.com/developer/msbuild/2003">
  <ItemGroup>
    <Filter Include="src">
      <UniqueIdentifier>{4FC737F1-C7A5-4376-A066-2A32D752A2FF}</UniqueIdentifier>
      <Extensions>cpp;c;cc;cxx;def;odl;idl;hpj;bat;asm;asmx</Extensions>
    </Filter>
    <Filter Include="include">
      <UniqueIdentifier>{7850402f-8ed5-4f7a-abe4-b2019e6d229a}</UniqueIdentifier>
    </Filter>
    <Filter Include="src\tinyobjloader">
      <UniqueIdentifier>{5102dc01-be41-451b-8215-e8036bac8ae3}</UniqueIdentifier>
    </Filter>
    <Filter Include="src\stb">
      <UniqueIdentifier>{efd6ea33-fa94-4859-800e-3bf0eda7cfb6}</UniqueIdentifier>
    </Filter>
    <Filter Include="src\glad">
      <UniqueIdentifier>{9da8727a-36f2-430b-be1d-0e89b62a0668}</UniqueIdentifier>
    </Filter>
    <Filter Include="resources">
      <UniqueIdentifier>{e5fd9118-1070-4399-82e8-95afb66ffdcc}</UniqueIdentifier>
    </Filter>
    <Filter Include="resources\shaders">
      <UniqueIdentifier>{273d8364-bc49-4e34-8647-e4e815307c8d}</UniqueIdentifier>
    </Filter>
  </ItemGroup>
  <ItemGroup>
    <ClCompile Include="src\GLSL.cpp">
      <Filter>src</Filter>
    </ClCompile>
    <ClCompile Include="src\GRLLoader.cpp">
      <Filter>src</Filter>
    </ClCompile>
    <ClCompile Include="src\Model.cpp">
      <Filter>src</Filter>
    </ClCompile>
    <ClCompile Include="src\Text.cpp">
      <Filter>src</Filter>
    </ClCompile>
    <ClCompile Include="src\tinyobjloader\tiny_obj_loader.cpp">
      <Filter>src\tinyobjloader</Filter>
    </ClCompile>
    <ClCompile Include="src\stb\stb_image.c">
      <Filter>src\stb</Filter>
    </ClCompile>
    <ClCompile Include="src\glad\glad.c">
      <Filter>src\glad</Filter>
    </ClCompile>
    <ClCompile Include="src\Shader.cpp">
      <Filter>src</Filter>
    </ClCompile>
    <ClCompile Include="src\Global.cpp">
      <Filter>src</Filter>
    </ClCompile>
  </ItemGroup>
  <ItemGroup>
    <ClInclude Include="include\Common\Global.hpp">
      <Filter>include</Filter>
    </ClInclude>
    <ClInclude Include="include\Common\GLSL.h">
      <Filter>include</Filter>
    </ClInclude>
    <ClInclude Include="include\Common\GRLLoader.hpp">
      <Filter>include</Filter>
    </ClInclude>
    <ClInclude Include="include\Common\Model.hpp">
      <Filter>include</Filter>
    </ClInclude>
    <ClInclude Include="include\Common\Text.hpp">
      <Filter>include</Filter>
    </ClInclude>
    <ClInclude Include="include\Common\Util.hpp">
      <Filter>include</Filter>
    </ClInclude>
    <ClInclude Include="include\Common\Shader.hpp">
      <Filter>include</Filter>
    </ClInclude>
  </ItemGroup>
  <ItemGroup>
    <None Include="..\resources\Common\shaders\text.frag">
      <Filter>resources\shaders</Filter>
    </None>
    <None Include="..\resources\Common\shaders\text.vert">
      <Filter>resources\shaders</Filter>
    </None>
  </ItemGroup>
</Project>