<?xml version="1.0" encoding="utf-8"?>
<Project ToolsVersion="4.0" xmlns="http://schemas.microsoft.com/developer/msbuild/2003">
  <ItemGroup>
    <Filter Include="src">
      <UniqueIdentifier>{4FC737F1-C7A5-4376-A066-2A32D752A2FF}</UniqueIdentifier>
      <Extensions>cpp;c;cc;cxx;def;odl;idl;hpj;bat;asm;asmx</Extensions>
    </Filter>
    <Filter Include="resources">
      <UniqueIdentifier>{ba6ad22e-4b8e-4da0-89b5-423e5d6ef990}</UniqueIdentifier>
    </Filter>
    <Filter Include="resources\shaders">
      <UniqueIdentifier>{6debf363-0747-4ff8-aabc-5883f13de41f}</UniqueIdentifier>
    </Filter>
  </ItemGroup>
  <ItemGroup>
    <ClCompile Include="src\Results.cpp">
      <Filter>src</Filter>
    </ClCompile>
    <ClCompile Include="src\Viewer.cpp">
      <Filter>src</Filter>
    </ClCompile>
    <ClCompile Include="src\Visualizer.cpp">
      <Filter>src</Filter>
    </ClCompile>
  </ItemGroup>
  <ItemGroup>
    <ClInclude Include="src\Results.hpp">
      <Filter>src</Filter>
    </ClInclude>
    <ClInclude Include="src\Viewer.hpp">
      <Filter>src</Filter>
    </ClInclude>
    <ClInclude Include="src\Visualizer.hpp">
      <Filter>src</Filter>
    </ClInclude>
  </ItemGroup>
  <ItemGroup>
    <None Include="..\resources\Visualizer\shaders\viewer_frame.frag">
      <Filter>resources\shaders</Filter>
    </None>
    <None Include="..\resources\Visualizer\shaders\viewer_frame.vert">
      <Filter>resources\shaders</Filter>
    </None>
    <None Include="..\resources\Visualizer\shaders\viewer_object.frag">
      <Filter>resources\shaders</Filter>
    </None>
    <None Include="..\resources\Visualizer\shaders\viewer_object.vert">
      <Filter>resources\shaders</Filter>
    </None>
  </ItemGroup>
</Project>